{
  "name": "docusaurus-code-references",
  "version": "0.0.0",
  "lockfileVersion": 1,
  "requires": true,
  "dependencies": {
    "@types/node": {
      "version": "14.11.8",
      "resolved": "https://registry.npmjs.org/@types/node/-/node-14.11.8.tgz",
      "integrity": "sha512-KPcKqKm5UKDkaYPTuXSx8wEP7vE9GnuaXIZKijwRYcePpZFDVuy2a57LarFKiORbHOuTOOwYzxVxcUzsh2P2Pw==",
      "dev": true
    },
    "@types/prop-types": {
      "version": "15.7.3",
      "resolved": "https://registry.npmjs.org/@types/prop-types/-/prop-types-15.7.3.tgz",
      "integrity": "sha512-KfRL3PuHmqQLOG+2tGpRO26Ctg+Cq1E01D2DMriKEATHgWLfeNDmq9e29Q9WIky0dQ3NPkd1mzYH8Lm936Z9qw==",
      "dev": true
    },
    "@types/react": {
      "version": "16.9.52",
      "resolved": "https://registry.npmjs.org/@types/react/-/react-16.9.52.tgz",
      "integrity": "sha512-EHRjmnxiNivwhGdMh9sz1Yw9AUxTSZFxKqdBWAAzyZx3sufWwx6ogqHYh/WB1m/I4ZpjkoZLExF5QTy2ekVi/Q==",
      "dev": true,
      "requires": {
        "@types/prop-types": "*",
        "csstype": "^3.0.2"
      }
    },
    "@types/recursive-readdir": {
      "version": "2.2.0",
      "resolved": "https://registry.npmjs.org/@types/recursive-readdir/-/recursive-readdir-2.2.0.tgz",
      "integrity": "sha512-HGk753KRu2N4mWduovY4BLjYq4jTOL29gV2OfGdGxHcPSWGFkC5RRIdk+VTs5XmYd7MVAD+JwKrcb5+5Y7FOCg==",
      "dev": true,
      "requires": {
        "@types/node": "*"
      }
    },
    "csstype": {
      "version": "3.0.3",
      "resolved": "https://registry.npmjs.org/csstype/-/csstype-3.0.3.tgz",
      "integrity": "sha512-jPl+wbWPOWJ7SXsWyqGRk3lGecbar0Cb0OvZF/r/ZU011R4YqiRehgkQ9p4eQfo9DSDLqLL3wHwfxeJiuIsNag==",
      "dev": true
    },
    "typescript": {
      "version": "4.0.3",
      "resolved": "https://registry.npmjs.org/typescript/-/typescript-4.0.3.tgz",
      "integrity": "sha512-tEu6DGxGgRJPb/mVPIZ48e69xCn2yRmCgYmDugAVwmJ6o+0u1RI18eO7E7WBTLYLaEVVOhwQmcdhQHweux/WPg==",
      "dev": true
    }
  }
}
